// !$*UTF8*$!
{
	archiveVersion = 1;
	classes = {
	};
	objectVersion = 46;
	objects = {

/* Begin PBXBuildFile section */
		21448E701F03C8780044F3A9 /* AppDelegate.swift in Sources */ = {isa = PBXBuildFile; fileRef = 21448E631F03C8780044F3A9 /* AppDelegate.swift */; };
		21448E711F03C8780044F3A9 /* Assets.xcassets in Resources */ = {isa = PBXBuildFile; fileRef = 21448E641F03C8780044F3A9 /* Assets.xcassets */; };
		21448E721F03C8780044F3A9 /* LaunchScreen.storyboard in Resources */ = {isa = PBXBuildFile; fileRef = 21448E661F03C8780044F3A9 /* LaunchScreen.storyboard */; };
		21448E731F03C8780044F3A9 /* Main.storyboard in Resources */ = {isa = PBXBuildFile; fileRef = 21448E681F03C8780044F3A9 /* Main.storyboard */; };
		21448E741F03C8780044F3A9 /* GoogleService-Info.plist in Resources */ = {isa = PBXBuildFile; fileRef = 21448E6A1F03C8780044F3A9 /* GoogleService-Info.plist */; };
		21448E751F03C8780044F3A9 /* HomeViewController.swift in Sources */ = {isa = PBXBuildFile; fileRef = 21448E6B1F03C8780044F3A9 /* HomeViewController.swift */; };
		21448E761F03C8780044F3A9 /* Info.plist in Resources */ = {isa = PBXBuildFile; fileRef = 21448E6C1F03C8780044F3A9 /* Info.plist */; };
		21448E771F03C8780044F3A9 /* LoginViewController.swift in Sources */ = {isa = PBXBuildFile; fileRef = 21448E6D1F03C8780044F3A9 /* LoginViewController.swift */; };
		21448E781F03C8780044F3A9 /* ResetPasswordViewController.swift in Sources */ = {isa = PBXBuildFile; fileRef = 21448E6E1F03C8780044F3A9 /* ResetPasswordViewController.swift */; };
		21448E791F03C8780044F3A9 /* SignUpViewController.swift in Sources */ = {isa = PBXBuildFile; fileRef = 21448E6F1F03C8780044F3A9 /* SignUpViewController.swift */; };
		E7AB1457DD62907636696635 /* Pods_FirebaseTutorial.framework in Frameworks */ = {isa = PBXBuildFile; fileRef = 8693BB5B2CA91CD1B07A6DB2 /* Pods_FirebaseTutorial.framework */; };
/* End PBXBuildFile section */

/* Begin PBXFileReference section */
		21448E631F03C8780044F3A9 /* AppDelegate.swift */ = {isa = PBXFileReference; fileEncoding = 4; lastKnownFileType = sourcecode.swift; name = AppDelegate.swift; path = "RBFirebase-Login/AppDelegate.swift"; sourceTree = SOURCE_ROOT; };
		21448E641F03C8780044F3A9 /* Assets.xcassets */ = {isa = PBXFileReference; lastKnownFileType = folder.assetcatalog; name = Assets.xcassets; path = "RBFirebase-Login/Assets.xcassets"; sourceTree = SOURCE_ROOT; };
		21448E671F03C8780044F3A9 /* Base */ = {isa = PBXFileReference; lastKnownFileType = file.storyboard; name = Base; path = LaunchScreen.storyboard; sourceTree = "<group>"; };
		21448E691F03C8780044F3A9 /* Base */ = {isa = PBXFileReference; lastKnownFileType = file.storyboard; name = Base; path = Main.storyboard; sourceTree = "<group>"; };
		21448E6A1F03C8780044F3A9 /* GoogleService-Info.plist */ = {isa = PBXFileReference; fileEncoding = 4; lastKnownFileType = text.plist.xml; name = "GoogleService-Info.plist"; path = "RBFirebase-Login/GoogleService-Info.plist"; sourceTree = SOURCE_ROOT; };
		21448E6B1F03C8780044F3A9 /* HomeViewController.swift */ = {isa = PBXFileReference; fileEncoding = 4; lastKnownFileType = sourcecode.swift; name = HomeViewController.swift; path = "RBFirebase-Login/HomeViewController.swift"; sourceTree = SOURCE_ROOT; };
		21448E6C1F03C8780044F3A9 /* Info.plist */ = {isa = PBXFileReference; fileEncoding = 4; lastKnownFileType = text.plist.xml; name = Info.plist; path = "RBFirebase-Login/Info.plist"; sourceTree = SOURCE_ROOT; };
		21448E6D1F03C8780044F3A9 /* LoginViewController.swift */ = {isa = PBXFileReference; fileEncoding = 4; lastKnownFileType = sourcecode.swift; name = LoginViewController.swift; path = "RBFirebase-Login/LoginViewController.swift"; sourceTree = SOURCE_ROOT; };
		21448E6E1F03C8780044F3A9 /* ResetPasswordViewController.swift */ = {isa = PBXFileReference; fileEncoding = 4; lastKnownFileType = sourcecode.swift; name = ResetPasswordViewController.swift; path = "RBFirebase-Login/ResetPasswordViewController.swift"; sourceTree = SOURCE_ROOT; };
		21448E6F1F03C8780044F3A9 /* SignUpViewController.swift */ = {isa = PBXFileReference; fileEncoding = 4; lastKnownFileType = sourcecode.swift; name = SignUpViewController.swift; path = "RBFirebase-Login/SignUpViewController.swift"; sourceTree = SOURCE_ROOT; };
		441BB3A7FB4E37B88AFD8310 /* Pods-FirebaseTutorial.debug.xcconfig */ = {isa = PBXFileReference; includeInIndex = 1; lastKnownFileType = text.xcconfig; name = "Pods-FirebaseTutorial.debug.xcconfig"; path = "Pods/Target Support Files/Pods-FirebaseTutorial/Pods-FirebaseTutorial.debug.xcconfig"; sourceTree = "<group>"; };
		468FD35AD615B1B565206749 /* Pods-FirebaseTutorial.release.xcconfig */ = {isa = PBXFileReference; includeInIndex = 1; lastKnownFileType = text.xcconfig; name = "Pods-FirebaseTutorial.release.xcconfig"; path = "Pods/Target Support Files/Pods-FirebaseTutorial/Pods-FirebaseTutorial.release.xcconfig"; sourceTree = "<group>"; };
		8693BB5B2CA91CD1B07A6DB2 /* Pods_FirebaseTutorial.framework */ = {isa = PBXFileReference; explicitFileType = wrapper.framework; includeInIndex = 0; path = Pods_FirebaseTutorial.framework; sourceTree = BUILT_PRODUCTS_DIR; };
		F4443ADC1DF2DFDA00800C92 /* RBFirebase-Login.app */ = {isa = PBXFileReference; explicitFileType = wrapper.application; includeInIndex = 0; path = "RBFirebase-Login.app"; sourceTree = BUILT_PRODUCTS_DIR; };
/* End PBXFileReference section */

/* Begin PBXFrameworksBuildPhase section */
		F4443AD91DF2DFDA00800C92 /* Frameworks */ = {
			isa = PBXFrameworksBuildPhase;
			buildActionMask = 2147483647;
			files = (
				E7AB1457DD62907636696635 /* Pods_FirebaseTutorial.framework in Frameworks */,
			);
			runOnlyForDeploymentPostprocessing = 0;
		};
/* End PBXFrameworksBuildPhase section */

/* Begin PBXGroup section */
		21448E651F03C8780044F3A9 /* Base.lproj */ = {
			isa = PBXGroup;
			children = (
				21448E661F03C8780044F3A9 /* LaunchScreen.storyboard */,
				21448E681F03C8780044F3A9 /* Main.storyboard */,
			);
			name = Base.lproj;
			path = "RBFirebase-Login/Base.lproj";
			sourceTree = SOURCE_ROOT;
		};
		A40D5AD559C05F7B4A19A3F9 /* Frameworks */ = {
			isa = PBXGroup;
			children = (
				8693BB5B2CA91CD1B07A6DB2 /* Pods_FirebaseTutorial.framework */,
			);
			name = Frameworks;
			sourceTree = "<group>";
		};
		CFD2996133C8BA1C0824FD9E /* Pods */ = {
			isa = PBXGroup;
			children = (
				441BB3A7FB4E37B88AFD8310 /* Pods-FirebaseTutorial.debug.xcconfig */,
				468FD35AD615B1B565206749 /* Pods-FirebaseTutorial.release.xcconfig */,
			);
			name = Pods;
			sourceTree = "<group>";
		};
		F4443AD31DF2DFDA00800C92 = {
			isa = PBXGroup;
			children = (
				F4443ADE1DF2DFDA00800C92 /* RBFirebase-Login */,
				F4443ADD1DF2DFDA00800C92 /* Products */,
				CFD2996133C8BA1C0824FD9E /* Pods */,
				A40D5AD559C05F7B4A19A3F9 /* Frameworks */,
			);
			sourceTree = "<group>";
		};
		F4443ADD1DF2DFDA00800C92 /* Products */ = {
			isa = PBXGroup;
			children = (
				F4443ADC1DF2DFDA00800C92 /* RBFirebase-Login.app */,
			);
			name = Products;
			sourceTree = "<group>";
		};
		F4443ADE1DF2DFDA00800C92 /* RBFirebase-Login */ = {
			isa = PBXGroup;
			children = (
				21448E631F03C8780044F3A9 /* AppDelegate.swift */,
				21448E641F03C8780044F3A9 /* Assets.xcassets */,
				21448E651F03C8780044F3A9 /* Base.lproj */,
				21448E6A1F03C8780044F3A9 /* GoogleService-Info.plist */,
				21448E6B1F03C8780044F3A9 /* HomeViewController.swift */,
				21448E6C1F03C8780044F3A9 /* Info.plist */,
				21448E6D1F03C8780044F3A9 /* LoginViewController.swift */,
				21448E6E1F03C8780044F3A9 /* ResetPasswordViewController.swift */,
				21448E6F1F03C8780044F3A9 /* SignUpViewController.swift */,
			);
			name = "RBFirebase-Login";
			path = FirebaseTutorial;
			sourceTree = "<group>";
		};
/* End PBXGroup section */

/* Begin PBXNativeTarget section */
		F4443ADB1DF2DFDA00800C92 /* RBFirebase-Login */ = {
			isa = PBXNativeTarget;
			buildConfigurationList = F4443AEE1DF2DFDA00800C92 /* Build configuration list for PBXNativeTarget "RBFirebase-Login" */;
			buildPhases = (
				27FE96E3E18AF9CE26F531D5 /* [CP] Check Pods Manifest.lock */,
				F4443AD81DF2DFDA00800C92 /* Sources */,
				F4443AD91DF2DFDA00800C92 /* Frameworks */,
				F4443ADA1DF2DFDA00800C92 /* Resources */,
				E16705D5027E036D66AE8B56 /* [CP] Embed Pods Frameworks */,
				B5A1BC39CC449463803D10BC /* [CP] Copy Pods Resources */,
			);
			buildRules = (
			);
			dependencies = (
			);
			name = "RBFirebase-Login";
			productName = FirebaseTutorial;
			productReference = F4443ADC1DF2DFDA00800C92 /* RBFirebase-Login.app */;
			productType = "com.apple.product-type.application";
		};
/* End PBXNativeTarget section */

/* Begin PBXProject section */
		F4443AD41DF2DFDA00800C92 /* Project object */ = {
			isa = PBXProject;
			attributes = {
				LastSwiftUpdateCheck = 0810;
				LastUpgradeCheck = 0810;
				ORGANIZATIONNAME = AppCoda;
				TargetAttributes = {
					F4443ADB1DF2DFDA00800C92 = {
						CreatedOnToolsVersion = 8.1;
						LastSwiftMigration = 0830;
						ProvisioningStyle = Automatic;
					};
				};
			};
			buildConfigurationList = F4443AD71DF2DFDA00800C92 /* Build configuration list for PBXProject "RBFirebase-Login" */;
			compatibilityVersion = "Xcode 3.2";
			developmentRegion = English;
			hasScannedForEncodings = 0;
			knownRegions = (
				en,
				Base,
			);
			mainGroup = F4443AD31DF2DFDA00800C92;
			productRefGroup = F4443ADD1DF2DFDA00800C92 /* Products */;
			projectDirPath = "";
			projectRoot = "";
			targets = (
				F4443ADB1DF2DFDA00800C92 /* RBFirebase-Login */,
			);
		};
/* End PBXProject section */

/* Begin PBXResourcesBuildPhase section */
		F4443ADA1DF2DFDA00800C92 /* Resources */ = {
			isa = PBXResourcesBuildPhase;
			buildActionMask = 2147483647;
			files = (
				21448E731F03C8780044F3A9 /* Main.storyboard in Resources */,
				21448E741F03C8780044F3A9 /* GoogleService-Info.plist in Resources */,
				21448E711F03C8780044F3A9 /* Assets.xcassets in Resources */,
				21448E761F03C8780044F3A9 /* Info.plist in Resources */,
				21448E721F03C8780044F3A9 /* LaunchScreen.storyboard in Resources */,
			);
			runOnlyForDeploymentPostprocessing = 0;
		};
/* End PBXResourcesBuildPhase section */

/* Begin PBXShellScriptBuildPhase section */
		27FE96E3E18AF9CE26F531D5 /* [CP] Check Pods Manifest.lock */ = {
			isa = PBXShellScriptBuildPhase;
			buildActionMask = 2147483647;
			files = (
			);
			inputPaths = (
			);
			name = "[CP] Check Pods Manifest.lock";
			outputPaths = (
			);
			runOnlyForDeploymentPostprocessing = 0;
			shellPath = /bin/sh;
			shellScript = "diff \"${PODS_ROOT}/../Podfile.lock\" \"${PODS_ROOT}/Manifest.lock\" > /dev/null\nif [ $? != 0 ] ; then\n    # print error to STDERR\n    echo \"error: The sandbox is not in sync with the Podfile.lock. Run 'pod install' or update your CocoaPods installation.\" >&2\n    exit 1\nfi\n";
			showEnvVarsInLog = 0;
		};
		B5A1BC39CC449463803D10BC /* [CP] Copy Pods Resources */ = {
			isa = PBXShellScriptBuildPhase;
			buildActionMask = 2147483647;
			files = (
			);
			inputPaths = (
			);
			name = "[CP] Copy Pods Resources";
			outputPaths = (
			);
			runOnlyForDeploymentPostprocessing = 0;
			shellPath = /bin/sh;
			shellScript = "\"${SRCROOT}/Pods/Target Support Files/Pods-FirebaseTutorial/Pods-FirebaseTutorial-resources.sh\"\n";
			showEnvVarsInLog = 0;
		};
		E16705D5027E036D66AE8B56 /* [CP] Embed Pods Frameworks */ = {
			isa = PBXShellScriptBuildPhase;
			buildActionMask = 2147483647;
			files = (
			);
			inputPaths = (
			);
			name = "[CP] Embed Pods Frameworks";
			outputPaths = (
			);
			runOnlyForDeploymentPostprocessing = 0;
			shellPath = /bin/sh;
			shellScript = "\"${SRCROOT}/Pods/Target Support Files/Pods-FirebaseTutorial/Pods-FirebaseTutorial-frameworks.sh\"\n";
			showEnvVarsInLog = 0;
		};
/* End PBXShellScriptBuildPhase section */

/* Begin PBXSourcesBuildPhase section */
		F4443AD81DF2DFDA00800C92 /* Sources */ = {
			isa = PBXSourcesBuildPhase;
			buildActionMask = 2147483647;
			files = (
				21448E771F03C8780044F3A9 /* LoginViewController.swift in Sources */,
				21448E701F03C8780044F3A9 /* AppDelegate.swift in Sources */,
				21448E751F03C8780044F3A9 /* HomeViewController.swift in Sources */,
				21448E781F03C8780044F3A9 /* ResetPasswordViewController.swift in Sources */,
				21448E791F03C8780044F3A9 /* SignUpViewController.swift in Sources */,
			);
			runOnlyForDeploymentPostprocessing = 0;
		};
/* End PBXSourcesBuildPhase section */

/* Begin PBXVariantGroup section */
		21448E661F03C8780044F3A9 /* LaunchScreen.storyboard */ = {
			isa = PBXVariantGroup;
			children = (
				21448E671F03C8780044F3A9 /* Base */,
			);
			name = LaunchScreen.storyboard;
			sourceTree = "<group>";
		};
		21448E681F03C8780044F3A9 /* Main.storyboard */ = {
			isa = PBXVariantGroup;
			children = (
				21448E691F03C8780044F3A9 /* Base */,
			);
			name = Main.storyboard;
			sourceTree = "<group>";
		};
/* End PBXVariantGroup section */

/* Begin XCBuildConfiguration section */
		F4443AEC1DF2DFDA00800C92 /* Debug */ = {
			isa = XCBuildConfiguration;
			buildSettings = {
				ALWAYS_SEARCH_USER_PATHS = NO;
				CLANG_ANALYZER_NONNULL = YES;
				CLANG_CXX_LANGUAGE_STANDARD = "gnu++0x";
				CLANG_CXX_LIBRARY = "libc++";
				CLANG_ENABLE_MODULES = YES;
				CLANG_ENABLE_OBJC_ARC = YES;
				CLANG_WARN_BOOL_CONVERSION = YES;
				CLANG_WARN_CONSTANT_CONVERSION = YES;
				CLANG_WARN_DIRECT_OBJC_ISA_USAGE = YES_ERROR;
				CLANG_WARN_DOCUMENTATION_COMMENTS = YES;
				CLANG_WARN_EMPTY_BODY = YES;
				CLANG_WARN_ENUM_CONVERSION = YES;
				CLANG_WARN_INFINITE_RECURSION = YES;
				CLANG_WARN_INT_CONVERSION = YES;
				CLANG_WARN_OBJC_ROOT_CLASS = YES_ERROR;
				CLANG_WARN_SUSPICIOUS_MOVES = YES;
				CLANG_WARN_UNREACHABLE_CODE = YES;
				CLANG_WARN__DUPLICATE_METHOD_MATCH = YES;
				"CODE_SIGN_IDENTITY[sdk=iphoneos*]" = "iPhone Developer";
				COPY_PHASE_STRIP = NO;
				DEBUG_INFORMATION_FORMAT = dwarf;
				ENABLE_STRICT_OBJC_MSGSEND = YES;
				ENABLE_TESTABILITY = YES;
				GCC_C_LANGUAGE_STANDARD = gnu99;
				GCC_DYNAMIC_NO_PIC = NO;
				GCC_NO_COMMON_BLOCKS = YES;
				GCC_OPTIMIZATION_LEVEL = 0;
				GCC_PREPROCESSOR_DEFINITIONS = (
					"DEBUG=1",
					"$(inherited)",
				);
				GCC_WARN_64_TO_32_BIT_CONVERSION = YES;
				GCC_WARN_ABOUT_RETURN_TYPE = YES_ERROR;
				GCC_WARN_UNDECLARED_SELECTOR = YES;
				GCC_WARN_UNINITIALIZED_AUTOS = YES_AGGRESSIVE;
				GCC_WARN_UNUSED_FUNCTION = YES;
				GCC_WARN_UNUSED_VARIABLE = YES;
				IPHONEOS_DEPLOYMENT_TARGET = 10.1;
				MTL_ENABLE_DEBUG_INFO = YES;
				ONLY_ACTIVE_ARCH = YES;
				SDKROOT = iphoneos;
				SWIFT_ACTIVE_COMPILATION_CONDITIONS = DEBUG;
				SWIFT_OPTIMIZATION_LEVEL = "-Onone";
			};
			name = Debug;
		};
		F4443AED1DF2DFDA00800C92 /* Release */ = {
			isa = XCBuildConfiguration;
			buildSettings = {
				ALWAYS_SEARCH_USER_PATHS = NO;
				CLANG_ANALYZER_NONNULL = YES;
				CLANG_CXX_LANGUAGE_STANDARD = "gnu++0x";
				CLANG_CXX_LIBRARY = "libc++";
				CLANG_ENABLE_MODULES = YES;
				CLANG_ENABLE_OBJC_ARC = YES;
				CLANG_WARN_BOOL_CONVERSION = YES;
				CLANG_WARN_CONSTANT_CONVERSION = YES;
				CLANG_WARN_DIRECT_OBJC_ISA_USAGE = YES_ERROR;
				CLANG_WARN_DOCUMENTATION_COMMENTS = YES;
				CLANG_WARN_EMPTY_BODY = YES;
				CLANG_WARN_ENUM_CONVERSION = YES;
				CLANG_WARN_INFINITE_RECURSION = YES;
				CLANG_WARN_INT_CONVERSION = YES;
				CLANG_WARN_OBJC_ROOT_CLASS = YES_ERROR;
				CLANG_WARN_SUSPICIOUS_MOVES = YES;
				CLANG_WARN_UNREACHABLE_CODE = YES;
				CLANG_WARN__DUPLICATE_METHOD_MATCH = YES;
				"CODE_SIGN_IDENTITY[sdk=iphoneos*]" = "iPhone Developer";
				COPY_PHASE_STRIP = NO;
				DEBUG_INFORMATION_FORMAT = "dwarf-with-dsym";
				ENABLE_NS_ASSERTIONS = NO;
				ENABLE_STRICT_OBJC_MSGSEND = YES;
				GCC_C_LANGUAGE_STANDARD = gnu99;
				GCC_NO_COMMON_BLOCKS = YES;
				GCC_WARN_64_TO_32_BIT_CONVERSION = YES;
				GCC_WARN_ABOUT_RETURN_TYPE = YES_ERROR;
				GCC_WARN_UNDECLARED_SELECTOR = YES;
				GCC_WARN_UNINITIALIZED_AUTOS = YES_AGGRESSIVE;
				GCC_WARN_UNUSED_FUNCTION = YES;
				GCC_WARN_UNUSED_VARIABLE = YES;
				IPHONEOS_DEPLOYMENT_TARGET = 10.1;
				MTL_ENABLE_DEBUG_INFO = NO;
				SDKROOT = iphoneos;
				SWIFT_OPTIMIZATION_LEVEL = "-Owholemodule";
				VALIDATE_PRODUCT = YES;
			};
			name = Release;
		};
		F4443AEF1DF2DFDA00800C92 /* Debug */ = {
			isa = XCBuildConfiguration;
			baseConfigurationReference = 441BB3A7FB4E37B88AFD8310 /* Pods-FirebaseTutorial.debug.xcconfig */;
			buildSettings = {
				ASSETCATALOG_COMPILER_APPICON_NAME = AppIcon;
				CLANG_ENABLE_MODULES = YES;
				INFOPLIST_FILE = "RBFirebase-Login/Info.plist";
				LD_RUNPATH_SEARCH_PATHS = "$(inherited) @executable_path/Frameworks";
				PRODUCT_BUNDLE_IDENTIFIER = com.firebase.login;
				PRODUCT_NAME = "RBFirebase-Login";
				SWIFT_OPTIMIZATION_LEVEL = "-Onone";
				SWIFT_VERSION = 3.0;
			};
			name = Debug;
		};
		F4443AF01DF2DFDA00800C92 /* Release */ = {
			isa = XCBuildConfiguration;
			baseConfigurationReference = 468FD35AD615B1B565206749 /* Pods-FirebaseTutorial.release.xcconfig */;
			buildSettings = {
				ASSETCATALOG_COMPILER_APPICON_NAME = AppIcon;
				CLANG_ENABLE_MODULES = YES;
				INFOPLIST_FILE = "RBFirebase-Login/Info.plist";
				LD_RUNPATH_SEARCH_PATHS = "$(inherited) @executable_path/Frameworks";
				PRODUCT_BUNDLE_IDENTIFIER = com.firebase.login;
				PRODUCT_NAME = "RBFirebase-Login";
				SWIFT_VERSION = 3.0;
			};
			name = Release;
		};
/* End XCBuildConfiguration section */

/* Begin XCConfigurationList section */
		F4443AD71DF2DFDA00800C92 /* Build configuration list for PBXProject "RBFirebase-Login" */ = {
			isa = XCConfigurationList;
			buildConfigurations = (
				F4443AEC1DF2DFDA00800C92 /* Debug */,
				F4443AED1DF2DFDA00800C92 /* Release */,
			);
			defaultConfigurationIsVisible = 0;
			defaultConfigurationName = Release;
		};
		F4443AEE1DF2DFDA00800C92 /* Build configuration list for PBXNativeTarget "RBFirebase-Login" */ = {
			isa = XCConfigurationList;
			buildConfigurations = (
				F4443AEF1DF2DFDA00800C92 /* Debug */,
				F4443AF01DF2DFDA00800C92 /* Release */,
			);
			defaultConfigurationIsVisible = 0;
			defaultConfigurationName = Release;
		};
/* End XCConfigurationList section */
	};
	rootObject = F4443AD41DF2DFDA00800C92 /* Project object */;
}
